
Microsoft Visual Studio Solution File, Format Version 12.00
# Visual Studio 15
VisualStudioVersion = 15.0.28307.1022
MinimumVisualStudioVersion = 10.0.40219.1
Project("{FAE04EC0-301F-11D3-BF4B-00C04F79EFBC}") = "SocialPlatform", "SocialPlatform\SocialPlatform.csproj", "{03711EDA-6546-44BE-ADB4-117D4C179474}"
EndProject
Global
	GlobalSection(SolutionConfigurationPlatforms) = preSolution
		Debug|Any CPU = Debug|Any CPU
		Release|Any CPU = Release|Any CPU
	EndGlobalSection
	GlobalSection(ProjectConfigurationPlatforms) = postSolution
		{03711EDA-6546-44BE-ADB4-117D4C179474}.Debug|Any CPU.ActiveCfg = Debug|Any CPU
		{03711EDA-6546-44BE-ADB4-117D4C179474}.Debug|Any CPU.Build.0 = Debug|Any CPU
		{03711EDA-6546-44BE-ADB4-117D4C179474}.Release|Any CPU.ActiveCfg = Release|Any CPU
		{03711EDA-6546-44BE-ADB4-117D4C179474}.Release|Any CPU.Build.0 = Release|Any CPU
	EndGlobalSection
	GlobalSection(SolutionProperties) = preSolution
		HideSolutionNode = FALSE
	EndGlobalSection
	GlobalSection(ExtensibilityGlobals) = postSolution
		SolutionGuid = {3621F03D-E4BD-48E2-A37D-464DBD6F63C0}
	EndGlobalSection
EndGlobal
